{
  "name": "only-home",
  "lockfileVersion": 2,
  "requires": true,
  "packages": {
    "": {
      "dependencies": {
        "vue3-touch-events": "^4.1.8"
      }
    },
    "node_modules/vue3-touch-events": {
      "version": "4.1.8",
      "resolved": "https://registry.npmjs.org/vue3-touch-events/-/vue3-touch-events-4.1.8.tgz",
      "integrity": "sha512-8Zs0mj5k/7R579JHsc5w1V2IqAkNlz2gJs18bRV4T5WyCMfd5sBf2ESJ2xR8z+n7ypgK8fQO5MmDOPal0Evf3Q=="
    }
  },
  "dependencies": {
    "vue3-touch-events": {
      "version": "4.1.8",
      "resolved": "https://registry.npmjs.org/vue3-touch-events/-/vue3-touch-events-4.1.8.tgz",
      "integrity": "sha512-8Zs0mj5k/7R579JHsc5w1V2IqAkNlz2gJs18bRV4T5WyCMfd5sBf2ESJ2xR8z+n7ypgK8fQO5MmDOPal0Evf3Q=="
    }
  }
}
